<Solution>
  <Folder Name="/Task0/">
    <Project Path="Tyuiu.PlehanovDS.Sprint0.Task0.V0/Tyuiu.PlehanovDS.Sprint0.Task0.V0.csproj" Id="60bf05d2-9f9e-406d-a278-1db51231f07c" />
  </Folder>
  <Folder Name="/Task1/">
    <Project Path="Tyuiu.PlehanovDS.Sprint0.Task1.V0/Tyuiu.PlehanovDS.Sprint0.Task1.V0.csproj" Id="ec6946e4-0b5d-4111-9331-4dd49ef7fa89" />
  </Folder>
</Solution>
