<Solution>
  <Folder Name="/Task0/">
    <Project Path="Tyuiu.PlehanovDS.Sprint0.Task0.V0/Tyuiu.PlehanovDS.Sprint0.Task0.V0.csproj" Id="60bf05d2-9f9e-406d-a278-1db51231f07c" />
  </Folder>
  <Folder Name="/Task1/">
    <Project Path="Tyuiu.PlehanovDS.Sprint0.Task1.V0/Tyuiu.PlehanovDS.Sprint0.Task1.V0.csproj" Id="ec6946e4-0b5d-4111-9331-4dd49ef7fa89" />
  </Folder>
  <Folder Name="/Task2/">
    <Project Path="Tyuiu.PlehanovDS.Sprint0.Task2.V0.Lib/Tyuiu.PlehanovDS.Sprint0.Task2.V0.Lib.csproj" Id="96a77609-ebab-4ef2-bd14-d7f9fef26cbd" />
    <Project Path="Tyuiu.PlehanovDS.Sprint0.Task2.V0.Test/Tyuiu.PlehanovDS.Sprint0.Task2.V0.Test.csproj" Id="b8bf4db6-1516-4da9-88b6-a2b397da67c5" />
    <Project Path="Tyuiu.PlehanovDS.Sprint0.Task2.V0/Tyuiu.PlehanovDS.Sprint0.Task2.V0.csproj" Id="39bc4567-ec94-4870-af09-afcf86ff6b23" />
  </Folder>
  <Folder Name="/Task3/">
    <Project Path="Tyuiu.PlehanovDS.Sprint0.Task3.V0.Lib/Tyuiu.PlehanovDS.Sprint0.Task3.V0.Lib.csproj" Id="64d51cd8-65f8-4146-bb61-62f00f53ff2a" />
    <Project Path="Tyuiu.PlehanovDS.Sprint0.Task3.V0.Test/Tyuiu.PlehanovDS.Sprint0.Task3.V0.Test.csproj" Id="730814ba-224a-4340-8e15-b96731196872" />
    <Project Path="Tyuiu.PlehanovDS.Sprint0.Task3.V0/Tyuiu.PlehanovDS.Sprint0.Task3.V0.csproj" Id="7f22b926-7e30-40a5-8a09-1f838e7a43b5" />
  </Folder>
  <Folder Name="/Task4/">
    <Project Path="Tyuiu.PlehanovDS.Sprint0.Task4.V0.Lib/Tyuiu.PlehanovDS.Sprint0.Task4.V0.Lib.csproj" Id="3723ee07-19e1-4283-bc01-a9cafa1e238d" />
    <Project Path="Tyuiu.PlehanovDS.Sprint0.Task4.V0.Test/Tyuiu.PlehanovDS.Sprint0.Task4.V0.Test.csproj" Id="6f2d7c3e-1abe-45d9-b879-cdcba19c0a1e" />
    <Project Path="Tyuiu.PlehanovDS.Sprint0.Task4.V0/Tyuiu.PlehanovDS.Sprint0.Task4.V0.csproj" Id="97a4d387-1fef-4328-8cf1-136677197293" />
  </Folder>
  <Folder Name="/Task5/">
    <Project Path="Tyuiu.PlehanovDS.Sprint0.Task5.V0.Lib/Tyuiu.PlehanovDS.Sprint0.Task5.V0.Lib.csproj" Id="3f5446d2-251f-4972-9a6d-ee277c7f18e8" />
    <Project Path="Tyuiu.PlehanovDS.Sprint0.Task5.V0.Test/Tyuiu.PlehanovDS.Sprint0.Task5.V0.Test.csproj" Id="dfab2255-8050-47a4-a8c5-d22226439a4b" />
    <Project Path="Tyuiu.PlehanovDS.Sprint0.Task5.V0/Tyuiu.PlehanovDS.Sprint0.Task5.V0.csproj" Id="b57f4958-f6fd-4f23-96b1-c6a56609ab0b" />
  </Folder>
</Solution>
